// !$*UTF8*$!
{
	archiveVersion = 1;
	classes = {
	};
	objectVersion = 56;
	objects = {

/* Begin PBXBuildFile section */
		F807613E2CC6E31C00C34EDD /* Notifications.swift in Sources */ = {isa = PBXBuildFile; fileRef = F807613D2CC6E31B00C34EDD /* Notifications.swift */; };
		F83D42D12CBFB563003C51D2 /* ButtonTransaction.swift in Sources */ = {isa = PBXBuildFile; fileRef = F83D42D02CBFB563003C51D2 /* ButtonTransaction.swift */; };
		F83D42D32CBFB59B003C51D2 /* AddTransactionView.swift in Sources */ = {isa = PBXBuildFile; fileRef = F83D42D22CBFB59B003C51D2 /* AddTransactionView.swift */; };
		F842F8C62CBD3AD3007D1A54 /* Transaction.swift in Sources */ = {isa = PBXBuildFile; fileRef = F842F8C52CBD3AD3007D1A54 /* Transaction.swift */; };
		F842F8C82CBD3AF2007D1A54 /* Month.swift in Sources */ = {isa = PBXBuildFile; fileRef = F842F8C72CBD3AF2007D1A54 /* Month.swift */; };
		F842F8CA2CBD3B47007D1A54 /* ContentView.swift in Sources */ = {isa = PBXBuildFile; fileRef = F842F8C92CBD3B47007D1A54 /* ContentView.swift */; };
		F842F8CC2CBD3B6F007D1A54 /* AllTransactionsView.swift in Sources */ = {isa = PBXBuildFile; fileRef = F842F8CB2CBD3B6F007D1A54 /* AllTransactionsView.swift */; };
		F842F8CE2CBD3C71007D1A54 /* MonthView.swift in Sources */ = {isa = PBXBuildFile; fileRef = F842F8CD2CBD3C71007D1A54 /* MonthView.swift */; };
		F842F8D02CBD3CA0007D1A54 /* PotentialTransactionsView.swift in Sources */ = {isa = PBXBuildFile; fileRef = F842F8CF2CBD3CA0007D1A54 /* PotentialTransactionsView.swift */; };
		F8B79A6F2CAEC5E4002D88AE /* CashMasterApp.swift in Sources */ = {isa = PBXBuildFile; fileRef = F8B79A6E2CAEC5E4002D88AE /* CashMasterApp.swift */; };
		F8B79A732CAEC5EE002D88AE /* Assets.xcassets in Resources */ = {isa = PBXBuildFile; fileRef = F8B79A722CAEC5EE002D88AE /* Assets.xcassets */; };
		F8B79A762CAEC5EE002D88AE /* Preview Assets.xcassets in Resources */ = {isa = PBXBuildFile; fileRef = F8B79A752CAEC5EE002D88AE /* Preview Assets.xcassets */; };
		F8B79A802CAEC5EE002D88AE /* CashMaster_appTests.swift in Sources */ = {isa = PBXBuildFile; fileRef = F8B79A7F2CAEC5EE002D88AE /* CashMaster_appTests.swift */; };
		F8B79A8A2CAEC5EF002D88AE /* CashMaster_appUITests.swift in Sources */ = {isa = PBXBuildFile; fileRef = F8B79A892CAEC5EF002D88AE /* CashMaster_appUITests.swift */; };
		F8B79A8C2CAEC5EF002D88AE /* CashMaster_appUITestsLaunchTests.swift in Sources */ = {isa = PBXBuildFile; fileRef = F8B79A8B2CAEC5EF002D88AE /* CashMaster_appUITestsLaunchTests.swift */; };
		F8EA0EA22CC2E49D0071875C /* PotentialTransaction.swift in Sources */ = {isa = PBXBuildFile; fileRef = F8EA0EA12CC2E49D0071875C /* PotentialTransaction.swift */; };
/* End PBXBuildFile section */

/* Begin PBXContainerItemProxy section */
		F8B79A7C2CAEC5EE002D88AE /* PBXContainerItemProxy */ = {
			isa = PBXContainerItemProxy;
			containerPortal = F8B79A632CAEC5E4002D88AE /* Project object */;
			proxyType = 1;
			remoteGlobalIDString = F8B79A6A2CAEC5E4002D88AE;
			remoteInfo = "GDF-app";
		};
		F8B79A862CAEC5EF002D88AE /* PBXContainerItemProxy */ = {
			isa = PBXContainerItemProxy;
			containerPortal = F8B79A632CAEC5E4002D88AE /* Project object */;
			proxyType = 1;
			remoteGlobalIDString = F8B79A6A2CAEC5E4002D88AE;
			remoteInfo = "GDF-app";
		};
/* End PBXContainerItemProxy section */

/* Begin PBXFileReference section */
		F807613D2CC6E31B00C34EDD /* Notifications.swift */ = {isa = PBXFileReference; lastKnownFileType = sourcecode.swift; path = Notifications.swift; sourceTree = "<group>"; };
		F83D42D02CBFB563003C51D2 /* ButtonTransaction.swift */ = {isa = PBXFileReference; lastKnownFileType = sourcecode.swift; path = ButtonTransaction.swift; sourceTree = "<group>"; };
		F83D42D22CBFB59B003C51D2 /* AddTransactionView.swift */ = {isa = PBXFileReference; lastKnownFileType = sourcecode.swift; path = AddTransactionView.swift; sourceTree = "<group>"; };
		F842F8C52CBD3AD3007D1A54 /* Transaction.swift */ = {isa = PBXFileReference; lastKnownFileType = sourcecode.swift; path = Transaction.swift; sourceTree = "<group>"; };
		F842F8C72CBD3AF2007D1A54 /* Month.swift */ = {isa = PBXFileReference; lastKnownFileType = sourcecode.swift; path = Month.swift; sourceTree = "<group>"; };
		F842F8C92CBD3B47007D1A54 /* ContentView.swift */ = {isa = PBXFileReference; lastKnownFileType = sourcecode.swift; path = ContentView.swift; sourceTree = "<group>"; };
		F842F8CB2CBD3B6F007D1A54 /* AllTransactionsView.swift */ = {isa = PBXFileReference; lastKnownFileType = sourcecode.swift; path = AllTransactionsView.swift; sourceTree = "<group>"; };
		F842F8CD2CBD3C71007D1A54 /* MonthView.swift */ = {isa = PBXFileReference; lastKnownFileType = sourcecode.swift; path = MonthView.swift; sourceTree = "<group>"; };
		F842F8CF2CBD3CA0007D1A54 /* PotentialTransactionsView.swift */ = {isa = PBXFileReference; lastKnownFileType = sourcecode.swift; path = PotentialTransactionsView.swift; sourceTree = "<group>"; };
		F8B79A6B2CAEC5E4002D88AE /* CashMaster.app */ = {isa = PBXFileReference; explicitFileType = wrapper.application; includeInIndex = 0; path = CashMaster.app; sourceTree = BUILT_PRODUCTS_DIR; };
		F8B79A6E2CAEC5E4002D88AE /* CashMasterApp.swift */ = {isa = PBXFileReference; lastKnownFileType = sourcecode.swift; path = CashMasterApp.swift; sourceTree = "<group>"; };
		F8B79A722CAEC5EE002D88AE /* Assets.xcassets */ = {isa = PBXFileReference; lastKnownFileType = folder.assetcatalog; path = Assets.xcassets; sourceTree = "<group>"; };
		F8B79A752CAEC5EE002D88AE /* Preview Assets.xcassets */ = {isa = PBXFileReference; lastKnownFileType = folder.assetcatalog; path = "Preview Assets.xcassets"; sourceTree = "<group>"; };
		F8B79A7B2CAEC5EE002D88AE /* CashMasterTests.xctest */ = {isa = PBXFileReference; explicitFileType = wrapper.cfbundle; includeInIndex = 0; path = CashMasterTests.xctest; sourceTree = BUILT_PRODUCTS_DIR; };
		F8B79A7F2CAEC5EE002D88AE /* CashMaster_appTests.swift */ = {isa = PBXFileReference; lastKnownFileType = sourcecode.swift; path = CashMaster_appTests.swift; sourceTree = "<group>"; };
		F8B79A852CAEC5EE002D88AE /* CashMasterUITests.xctest */ = {isa = PBXFileReference; explicitFileType = wrapper.cfbundle; includeInIndex = 0; path = CashMasterUITests.xctest; sourceTree = BUILT_PRODUCTS_DIR; };
		F8B79A892CAEC5EF002D88AE /* CashMaster_appUITests.swift */ = {isa = PBXFileReference; lastKnownFileType = sourcecode.swift; path = CashMaster_appUITests.swift; sourceTree = "<group>"; };
		F8B79A8B2CAEC5EF002D88AE /* CashMaster_appUITestsLaunchTests.swift */ = {isa = PBXFileReference; lastKnownFileType = sourcecode.swift; path = CashMaster_appUITestsLaunchTests.swift; sourceTree = "<group>"; };
		F8EA0EA12CC2E49D0071875C /* PotentialTransaction.swift */ = {isa = PBXFileReference; lastKnownFileType = sourcecode.swift; path = PotentialTransaction.swift; sourceTree = "<group>"; };
/* End PBXFileReference section */

/* Begin PBXFrameworksBuildPhase section */
		F8B79A682CAEC5E4002D88AE /* Frameworks */ = {
			isa = PBXFrameworksBuildPhase;
			buildActionMask = 2147483647;
			files = (
			);
			runOnlyForDeploymentPostprocessing = 0;
		};
		F8B79A782CAEC5EE002D88AE /* Frameworks */ = {
			isa = PBXFrameworksBuildPhase;
			buildActionMask = 2147483647;
			files = (
			);
			runOnlyForDeploymentPostprocessing = 0;
		};
		F8B79A822CAEC5EE002D88AE /* Frameworks */ = {
			isa = PBXFrameworksBuildPhase;
			buildActionMask = 2147483647;
			files = (
			);
			runOnlyForDeploymentPostprocessing = 0;
		};
/* End PBXFrameworksBuildPhase section */

/* Begin PBXGroup section */
		F8B79A622CAEC5E4002D88AE = {
			isa = PBXGroup;
			children = (
				F8B79A6D2CAEC5E4002D88AE /* CashMaster-app */,
				F8B79A7E2CAEC5EE002D88AE /* CashMaster-appTests */,
				F8B79A882CAEC5EF002D88AE /* CashMaster-appUITests */,
				F8B79A6C2CAEC5E4002D88AE /* Products */,
			);
			sourceTree = "<group>";
		};
		F8B79A6C2CAEC5E4002D88AE /* Products */ = {
			isa = PBXGroup;
			children = (
				F8B79A6B2CAEC5E4002D88AE /* CashMaster.app */,
				F8B79A7B2CAEC5EE002D88AE /* CashMasterTests.xctest */,
				F8B79A852CAEC5EE002D88AE /* CashMasterUITests.xctest */,
			);
			name = Products;
			sourceTree = "<group>";
		};
		F8B79A6D2CAEC5E4002D88AE /* CashMaster-app */ = {
			isa = PBXGroup;
			children = (
				F807613D2CC6E31B00C34EDD /* Notifications.swift */,
				F842F8C52CBD3AD3007D1A54 /* Transaction.swift */,
				F8EA0EA12CC2E49D0071875C /* PotentialTransaction.swift */,
				F842F8C72CBD3AF2007D1A54 /* Month.swift */,
				F83D42D02CBFB563003C51D2 /* ButtonTransaction.swift */,
				F8B79A6E2CAEC5E4002D88AE /* CashMasterApp.swift */,
				F842F8C92CBD3B47007D1A54 /* ContentView.swift */,
				F842F8CD2CBD3C71007D1A54 /* MonthView.swift */,
				F842F8CB2CBD3B6F007D1A54 /* AllTransactionsView.swift */,
				F83D42D22CBFB59B003C51D2 /* AddTransactionView.swift */,
				F842F8CF2CBD3CA0007D1A54 /* PotentialTransactionsView.swift */,
				F8B79A722CAEC5EE002D88AE /* Assets.xcassets */,
				F8B79A742CAEC5EE002D88AE /* Preview Content */,
			);
			path = "CashMaster-app";
			sourceTree = "<group>";
		};
		F8B79A742CAEC5EE002D88AE /* Preview Content */ = {
			isa = PBXGroup;
			children = (
				F8B79A752CAEC5EE002D88AE /* Preview Assets.xcassets */,
			);
			path = "Preview Content";
			sourceTree = "<group>";
		};
		F8B79A7E2CAEC5EE002D88AE /* CashMaster-appTests */ = {
			isa = PBXGroup;
			children = (
				F8B79A7F2CAEC5EE002D88AE /* CashMaster_appTests.swift */,
			);
			path = "CashMaster-appTests";
			sourceTree = "<group>";
		};
		F8B79A882CAEC5EF002D88AE /* CashMaster-appUITests */ = {
			isa = PBXGroup;
			children = (
				F8B79A892CAEC5EF002D88AE /* CashMaster_appUITests.swift */,
				F8B79A8B2CAEC5EF002D88AE /* CashMaster_appUITestsLaunchTests.swift */,
			);
			path = "CashMaster-appUITests";
			sourceTree = "<group>";
		};
/* End PBXGroup section */

/* Begin PBXNativeTarget section */
		F8B79A6A2CAEC5E4002D88AE /* CashMaster */ = {
			isa = PBXNativeTarget;
			buildConfigurationList = F8B79A8F2CAEC5EF002D88AE /* Build configuration list for PBXNativeTarget "CashMaster" */;
			buildPhases = (
				F8B79A672CAEC5E4002D88AE /* Sources */,
				F8B79A682CAEC5E4002D88AE /* Frameworks */,
				F8B79A692CAEC5E4002D88AE /* Resources */,
			);
			buildRules = (
			);
			dependencies = (
			);
			name = CashMaster;
			productName = "GDF-app";
			productReference = F8B79A6B2CAEC5E4002D88AE /* CashMaster.app */;
			productType = "com.apple.product-type.application";
		};
		F8B79A7A2CAEC5EE002D88AE /* CashMasterTests */ = {
			isa = PBXNativeTarget;
			buildConfigurationList = F8B79A922CAEC5EF002D88AE /* Build configuration list for PBXNativeTarget "CashMasterTests" */;
			buildPhases = (
				F8B79A772CAEC5EE002D88AE /* Sources */,
				F8B79A782CAEC5EE002D88AE /* Frameworks */,
				F8B79A792CAEC5EE002D88AE /* Resources */,
			);
			buildRules = (
			);
			dependencies = (
				F8B79A7D2CAEC5EE002D88AE /* PBXTargetDependency */,
			);
			name = CashMasterTests;
			productName = "GDF-appTests";
			productReference = F8B79A7B2CAEC5EE002D88AE /* CashMasterTests.xctest */;
			productType = "com.apple.product-type.bundle.unit-test";
		};
		F8B79A842CAEC5EE002D88AE /* CashMasterUITests */ = {
			isa = PBXNativeTarget;
			buildConfigurationList = F8B79A952CAEC5EF002D88AE /* Build configuration list for PBXNativeTarget "CashMasterUITests" */;
			buildPhases = (
				F8B79A812CAEC5EE002D88AE /* Sources */,
				F8B79A822CAEC5EE002D88AE /* Frameworks */,
				F8B79A832CAEC5EE002D88AE /* Resources */,
			);
			buildRules = (
			);
			dependencies = (
				F8B79A872CAEC5EF002D88AE /* PBXTargetDependency */,
			);
			name = CashMasterUITests;
			productName = "GDF-appUITests";
			productReference = F8B79A852CAEC5EE002D88AE /* CashMasterUITests.xctest */;
			productType = "com.apple.product-type.bundle.ui-testing";
		};
/* End PBXNativeTarget section */

/* Begin PBXProject section */
		F8B79A632CAEC5E4002D88AE /* Project object */ = {
			isa = PBXProject;
			attributes = {
				BuildIndependentTargetsInParallel = 1;
				LastSwiftUpdateCheck = 1520;
				LastUpgradeCheck = 1520;
				TargetAttributes = {
					F8B79A6A2CAEC5E4002D88AE = {
						CreatedOnToolsVersion = 15.2;
					};
					F8B79A7A2CAEC5EE002D88AE = {
						CreatedOnToolsVersion = 15.2;
						TestTargetID = F8B79A6A2CAEC5E4002D88AE;
					};
					F8B79A842CAEC5EE002D88AE = {
						CreatedOnToolsVersion = 15.2;
						TestTargetID = F8B79A6A2CAEC5E4002D88AE;
					};
				};
			};
			buildConfigurationList = F8B79A662CAEC5E4002D88AE /* Build configuration list for PBXProject "CashMaster" */;
			compatibilityVersion = "Xcode 14.0";
			developmentRegion = en;
			hasScannedForEncodings = 0;
			knownRegions = (
				en,
				Base,
			);
			mainGroup = F8B79A622CAEC5E4002D88AE;
			productRefGroup = F8B79A6C2CAEC5E4002D88AE /* Products */;
			projectDirPath = "";
			projectRoot = "";
			targets = (
				F8B79A6A2CAEC5E4002D88AE /* CashMaster */,
				F8B79A7A2CAEC5EE002D88AE /* CashMasterTests */,
				F8B79A842CAEC5EE002D88AE /* CashMasterUITests */,
			);
		};
/* End PBXProject section */

/* Begin PBXResourcesBuildPhase section */
		F8B79A692CAEC5E4002D88AE /* Resources */ = {
			isa = PBXResourcesBuildPhase;
			buildActionMask = 2147483647;
			files = (
				F8B79A762CAEC5EE002D88AE /* Preview Assets.xcassets in Resources */,
				F8B79A732CAEC5EE002D88AE /* Assets.xcassets in Resources */,
			);
			runOnlyForDeploymentPostprocessing = 0;
		};
		F8B79A792CAEC5EE002D88AE /* Resources */ = {
			isa = PBXResourcesBuildPhase;
			buildActionMask = 2147483647;
			files = (
			);
			runOnlyForDeploymentPostprocessing = 0;
		};
		F8B79A832CAEC5EE002D88AE /* Resources */ = {
			isa = PBXResourcesBuildPhase;
			buildActionMask = 2147483647;
			files = (
			);
			runOnlyForDeploymentPostprocessing = 0;
		};
/* End PBXResourcesBuildPhase section */

/* Begin PBXSourcesBuildPhase section */
		F8B79A672CAEC5E4002D88AE /* Sources */ = {
			isa = PBXSourcesBuildPhase;
			buildActionMask = 2147483647;
			files = (
				F83D42D32CBFB59B003C51D2 /* AddTransactionView.swift in Sources */,
				F8EA0EA22CC2E49D0071875C /* PotentialTransaction.swift in Sources */,
				F807613E2CC6E31C00C34EDD /* Notifications.swift in Sources */,
				F842F8CC2CBD3B6F007D1A54 /* AllTransactionsView.swift in Sources */,
				F842F8CE2CBD3C71007D1A54 /* MonthView.swift in Sources */,
				F842F8C82CBD3AF2007D1A54 /* Month.swift in Sources */,
				F8B79A6F2CAEC5E4002D88AE /* CashMasterApp.swift in Sources */,
				F83D42D12CBFB563003C51D2 /* ButtonTransaction.swift in Sources */,
				F842F8CA2CBD3B47007D1A54 /* ContentView.swift in Sources */,
				F842F8D02CBD3CA0007D1A54 /* PotentialTransactionsView.swift in Sources */,
				F842F8C62CBD3AD3007D1A54 /* Transaction.swift in Sources */,
			);
			runOnlyForDeploymentPostprocessing = 0;
		};
		F8B79A772CAEC5EE002D88AE /* Sources */ = {
			isa = PBXSourcesBuildPhase;
			buildActionMask = 2147483647;
			files = (
				F8B79A802CAEC5EE002D88AE /* CashMaster_appTests.swift in Sources */,
			);
			runOnlyForDeploymentPostprocessing = 0;
		};
		F8B79A812CAEC5EE002D88AE /* Sources */ = {
			isa = PBXSourcesBuildPhase;
			buildActionMask = 2147483647;
			files = (
				F8B79A8C2CAEC5EF002D88AE /* CashMaster_appUITestsLaunchTests.swift in Sources */,
				F8B79A8A2CAEC5EF002D88AE /* CashMaster_appUITests.swift in Sources */,
			);
			runOnlyForDeploymentPostprocessing = 0;
		};
/* End PBXSourcesBuildPhase section */

/* Begin PBXTargetDependency section */
		F8B79A7D2CAEC5EE002D88AE /* PBXTargetDependency */ = {
			isa = PBXTargetDependency;
			target = F8B79A6A2CAEC5E4002D88AE /* CashMaster */;
			targetProxy = F8B79A7C2CAEC5EE002D88AE /* PBXContainerItemProxy */;
		};
		F8B79A872CAEC5EF002D88AE /* PBXTargetDependency */ = {
			isa = PBXTargetDependency;
			target = F8B79A6A2CAEC5E4002D88AE /* CashMaster */;
			targetProxy = F8B79A862CAEC5EF002D88AE /* PBXContainerItemProxy */;
		};
/* End PBXTargetDependency section */

/* Begin XCBuildConfiguration section */
		F8B79A8D2CAEC5EF002D88AE /* Debug */ = {
			isa = XCBuildConfiguration;
			buildSettings = {
				ALWAYS_SEARCH_USER_PATHS = NO;
				ASSETCATALOG_COMPILER_GENERATE_SWIFT_ASSET_SYMBOL_EXTENSIONS = YES;
				CLANG_ANALYZER_NONNULL = YES;
				CLANG_ANALYZER_NUMBER_OBJECT_CONVERSION = YES_AGGRESSIVE;
				CLANG_CXX_LANGUAGE_STANDARD = "gnu++20";
				CLANG_ENABLE_MODULES = YES;
				CLANG_ENABLE_OBJC_ARC = YES;
				CLANG_ENABLE_OBJC_WEAK = YES;
				CLANG_WARN_BLOCK_CAPTURE_AUTORELEASING = YES;
				CLANG_WARN_BOOL_CONVERSION = YES;
				CLANG_WARN_COMMA = YES;
				CLANG_WARN_CONSTANT_CONVERSION = YES;
				CLANG_WARN_DEPRECATED_OBJC_IMPLEMENTATIONS = YES;
				CLANG_WARN_DIRECT_OBJC_ISA_USAGE = YES_ERROR;
				CLANG_WARN_DOCUMENTATION_COMMENTS = YES;
				CLANG_WARN_EMPTY_BODY = YES;
				CLANG_WARN_ENUM_CONVERSION = YES;
				CLANG_WARN_INFINITE_RECURSION = YES;
				CLANG_WARN_INT_CONVERSION = YES;
				CLANG_WARN_NON_LITERAL_NULL_CONVERSION = YES;
				CLANG_WARN_OBJC_IMPLICIT_RETAIN_SELF = YES;
				CLANG_WARN_OBJC_LITERAL_CONVERSION = YES;
				CLANG_WARN_OBJC_ROOT_CLASS = YES_ERROR;
				CLANG_WARN_QUOTED_INCLUDE_IN_FRAMEWORK_HEADER = YES;
				CLANG_WARN_RANGE_LOOP_ANALYSIS = YES;
				CLANG_WARN_STRICT_PROTOTYPES = YES;
				CLANG_WARN_SUSPICIOUS_MOVE = YES;
				CLANG_WARN_UNGUARDED_AVAILABILITY = YES_AGGRESSIVE;
				CLANG_WARN_UNREACHABLE_CODE = YES;
				CLANG_WARN__DUPLICATE_METHOD_MATCH = YES;
				COPY_PHASE_STRIP = NO;
				DEBUG_INFORMATION_FORMAT = dwarf;
				ENABLE_STRICT_OBJC_MSGSEND = YES;
				ENABLE_TESTABILITY = YES;
				ENABLE_USER_SCRIPT_SANDBOXING = YES;
				GCC_C_LANGUAGE_STANDARD = gnu17;
				GCC_DYNAMIC_NO_PIC = NO;
				GCC_NO_COMMON_BLOCKS = YES;
				GCC_OPTIMIZATION_LEVEL = 0;
				GCC_PREPROCESSOR_DEFINITIONS = (
					"DEBUG=1",
					"$(inherited)",
				);
				GCC_WARN_64_TO_32_BIT_CONVERSION = YES;
				GCC_WARN_ABOUT_RETURN_TYPE = YES_ERROR;
				GCC_WARN_UNDECLARED_SELECTOR = YES;
				GCC_WARN_UNINITIALIZED_AUTOS = YES_AGGRESSIVE;
				GCC_WARN_UNUSED_FUNCTION = YES;
				GCC_WARN_UNUSED_VARIABLE = YES;
				IPHONEOS_DEPLOYMENT_TARGET = 17.2;
				LOCALIZATION_PREFERS_STRING_CATALOGS = YES;
				MTL_ENABLE_DEBUG_INFO = INCLUDE_SOURCE;
				MTL_FAST_MATH = YES;
				ONLY_ACTIVE_ARCH = YES;
				SDKROOT = iphoneos;
				SWIFT_ACTIVE_COMPILATION_CONDITIONS = "DEBUG $(inherited)";
				SWIFT_OPTIMIZATION_LEVEL = "-Onone";
			};
			name = Debug;
		};
		F8B79A8E2CAEC5EF002D88AE /* Release */ = {
			isa = XCBuildConfiguration;
			buildSettings = {
				ALWAYS_SEARCH_USER_PATHS = NO;
				ASSETCATALOG_COMPILER_GENERATE_SWIFT_ASSET_SYMBOL_EXTENSIONS = YES;
				CLANG_ANALYZER_NONNULL = YES;
				CLANG_ANALYZER_NUMBER_OBJECT_CONVERSION = YES_AGGRESSIVE;
				CLANG_CXX_LANGUAGE_STANDARD = "gnu++20";
				CLANG_ENABLE_MODULES = YES;
				CLANG_ENABLE_OBJC_ARC = YES;
				CLANG_ENABLE_OBJC_WEAK = YES;
				CLANG_WARN_BLOCK_CAPTURE_AUTORELEASING = YES;
				CLANG_WARN_BOOL_CONVERSION = YES;
				CLANG_WARN_COMMA = YES;
				CLANG_WARN_CONSTANT_CONVERSION = YES;
				CLANG_WARN_DEPRECATED_OBJC_IMPLEMENTATIONS = YES;
				CLANG_WARN_DIRECT_OBJC_ISA_USAGE = YES_ERROR;
				CLANG_WARN_DOCUMENTATION_COMMENTS = YES;
				CLANG_WARN_EMPTY_BODY = YES;
				CLANG_WARN_ENUM_CONVERSION = YES;
				CLANG_WARN_INFINITE_RECURSION = YES;
				CLANG_WARN_INT_CONVERSION = YES;
				CLANG_WARN_NON_LITERAL_NULL_CONVERSION = YES;
				CLANG_WARN_OBJC_IMPLICIT_RETAIN_SELF = YES;
				CLANG_WARN_OBJC_LITERAL_CONVERSION = YES;
				CLANG_WARN_OBJC_ROOT_CLASS = YES_ERROR;
				CLANG_WARN_QUOTED_INCLUDE_IN_FRAMEWORK_HEADER = YES;
				CLANG_WARN_RANGE_LOOP_ANALYSIS = YES;
				CLANG_WARN_STRICT_PROTOTYPES = YES;
				CLANG_WARN_SUSPICIOUS_MOVE = YES;
				CLANG_WARN_UNGUARDED_AVAILABILITY = YES_AGGRESSIVE;
				CLANG_WARN_UNREACHABLE_CODE = YES;
				CLANG_WARN__DUPLICATE_METHOD_MATCH = YES;
				COPY_PHASE_STRIP = NO;
				DEBUG_INFORMATION_FORMAT = "dwarf-with-dsym";
				ENABLE_NS_ASSERTIONS = NO;
				ENABLE_STRICT_OBJC_MSGSEND = YES;
				ENABLE_USER_SCRIPT_SANDBOXING = YES;
				GCC_C_LANGUAGE_STANDARD = gnu17;
				GCC_NO_COMMON_BLOCKS = YES;
				GCC_WARN_64_TO_32_BIT_CONVERSION = YES;
				GCC_WARN_ABOUT_RETURN_TYPE = YES_ERROR;
				GCC_WARN_UNDECLARED_SELECTOR = YES;
				GCC_WARN_UNINITIALIZED_AUTOS = YES_AGGRESSIVE;
				GCC_WARN_UNUSED_FUNCTION = YES;
				GCC_WARN_UNUSED_VARIABLE = YES;
				IPHONEOS_DEPLOYMENT_TARGET = 17.2;
				LOCALIZATION_PREFERS_STRING_CATALOGS = YES;
				MTL_ENABLE_DEBUG_INFO = NO;
				MTL_FAST_MATH = YES;
				SDKROOT = iphoneos;
				SWIFT_COMPILATION_MODE = wholemodule;
				VALIDATE_PRODUCT = YES;
			};
			name = Release;
		};
		F8B79A902CAEC5EF002D88AE /* Debug */ = {
			isa = XCBuildConfiguration;
			buildSettings = {
				ASSETCATALOG_COMPILER_APPICON_NAME = AppIcon;
				ASSETCATALOG_COMPILER_GLOBAL_ACCENT_COLOR_NAME = AccentColor;
				CODE_SIGN_STYLE = Automatic;
				CURRENT_PROJECT_VERSION = 1;
				DEVELOPMENT_ASSET_PATHS = "\"CashMaster-app/Preview Content\"";
				DEVELOPMENT_TEAM = K9559SXCGV;
				ENABLE_PREVIEWS = YES;
				GENERATE_INFOPLIST_FILE = YES;
				INFOPLIST_KEY_UIApplicationSceneManifest_Generation = YES;
				INFOPLIST_KEY_UIApplicationSupportsIndirectInputEvents = YES;
				INFOPLIST_KEY_UILaunchScreen_Generation = YES;
				INFOPLIST_KEY_UISupportedInterfaceOrientations_iPad = "UIInterfaceOrientationPortrait UIInterfaceOrientationPortraitUpsideDown UIInterfaceOrientationLandscapeLeft UIInterfaceOrientationLandscapeRight";
				INFOPLIST_KEY_UISupportedInterfaceOrientations_iPhone = "UIInterfaceOrientationPortrait UIInterfaceOrientationLandscapeLeft UIInterfaceOrientationLandscapeRight";
				LD_RUNPATH_SEARCH_PATHS = (
					"$(inherited)",
					"@executable_path/Frameworks",
				);
				MARKETING_VERSION = 1.0;
				PRODUCT_BUNDLE_IDENTIFIER = "fr.godefroyinformatique.GDF-app";
				PRODUCT_NAME = "$(TARGET_NAME)";
				SWIFT_EMIT_LOC_STRINGS = YES;
				SWIFT_VERSION = 5.0;
				TARGETED_DEVICE_FAMILY = "1,2";
			};
			name = Debug;
		};
		F8B79A912CAEC5EF002D88AE /* Release */ = {
			isa = XCBuildConfiguration;
			buildSettings = {
				ASSETCATALOG_COMPILER_APPICON_NAME = AppIcon;
				ASSETCATALOG_COMPILER_GLOBAL_ACCENT_COLOR_NAME = AccentColor;
				CODE_SIGN_STYLE = Automatic;
				CURRENT_PROJECT_VERSION = 1;
				DEVELOPMENT_ASSET_PATHS = "\"CashMaster-app/Preview Content\"";
				DEVELOPMENT_TEAM = K9559SXCGV;
				ENABLE_PREVIEWS = YES;
				GENERATE_INFOPLIST_FILE = YES;
				INFOPLIST_KEY_UIApplicationSceneManifest_Generation = YES;
				INFOPLIST_KEY_UIApplicationSupportsIndirectInputEvents = YES;
				INFOPLIST_KEY_UILaunchScreen_Generation = YES;
				INFOPLIST_KEY_UISupportedInterfaceOrientations_iPad = "UIInterfaceOrientationPortrait UIInterfaceOrientationPortraitUpsideDown UIInterfaceOrientationLandscapeLeft UIInterfaceOrientationLandscapeRight";
				INFOPLIST_KEY_UISupportedInterfaceOrientations_iPhone = "UIInterfaceOrientationPortrait UIInterfaceOrientationLandscapeLeft UIInterfaceOrientationLandscapeRight";
				LD_RUNPATH_SEARCH_PATHS = (
					"$(inherited)",
					"@executable_path/Frameworks",
				);
				MARKETING_VERSION = 1.0;
				PRODUCT_BUNDLE_IDENTIFIER = "fr.godefroyinformatique.GDF-app";
				PRODUCT_NAME = "$(TARGET_NAME)";
				SWIFT_EMIT_LOC_STRINGS = YES;
				SWIFT_VERSION = 5.0;
				TARGETED_DEVICE_FAMILY = "1,2";
			};
			name = Release;
		};
		F8B79A932CAEC5EF002D88AE /* Debug */ = {
			isa = XCBuildConfiguration;
			buildSettings = {
				ALWAYS_EMBED_SWIFT_STANDARD_LIBRARIES = YES;
				BUNDLE_LOADER = "$(TEST_HOST)";
				CODE_SIGN_STYLE = Automatic;
				CURRENT_PROJECT_VERSION = 1;
				DEVELOPMENT_TEAM = K9559SXCGV;
				GENERATE_INFOPLIST_FILE = YES;
				IPHONEOS_DEPLOYMENT_TARGET = 17.2;
				MARKETING_VERSION = 1.0;
				PRODUCT_BUNDLE_IDENTIFIER = "fr.godefroyinformatique.GDF-appTests";
				PRODUCT_NAME = "$(TARGET_NAME)";
				SWIFT_EMIT_LOC_STRINGS = NO;
				SWIFT_VERSION = 5.0;
				TARGETED_DEVICE_FAMILY = "1,2";
				TEST_HOST = "$(BUILT_PRODUCTS_DIR)/CashMaster.app/$(BUNDLE_EXECUTABLE_FOLDER_PATH)/CashMaster";
			};
			name = Debug;
		};
		F8B79A942CAEC5EF002D88AE /* Release */ = {
			isa = XCBuildConfiguration;
			buildSettings = {
				ALWAYS_EMBED_SWIFT_STANDARD_LIBRARIES = YES;
				BUNDLE_LOADER = "$(TEST_HOST)";
				CODE_SIGN_STYLE = Automatic;
				CURRENT_PROJECT_VERSION = 1;
				DEVELOPMENT_TEAM = K9559SXCGV;
				GENERATE_INFOPLIST_FILE = YES;
				IPHONEOS_DEPLOYMENT_TARGET = 17.2;
				MARKETING_VERSION = 1.0;
				PRODUCT_BUNDLE_IDENTIFIER = "fr.godefroyinformatique.GDF-appTests";
				PRODUCT_NAME = "$(TARGET_NAME)";
				SWIFT_EMIT_LOC_STRINGS = NO;
				SWIFT_VERSION = 5.0;
				TARGETED_DEVICE_FAMILY = "1,2";
				TEST_HOST = "$(BUILT_PRODUCTS_DIR)/CashMaster.app/$(BUNDLE_EXECUTABLE_FOLDER_PATH)/CashMaster";
			};
			name = Release;
		};
		F8B79A962CAEC5EF002D88AE /* Debug */ = {
			isa = XCBuildConfiguration;
			buildSettings = {
				ALWAYS_EMBED_SWIFT_STANDARD_LIBRARIES = YES;
				CODE_SIGN_STYLE = Automatic;
				CURRENT_PROJECT_VERSION = 1;
				DEVELOPMENT_TEAM = K9559SXCGV;
				GENERATE_INFOPLIST_FILE = YES;
				MARKETING_VERSION = 1.0;
				PRODUCT_BUNDLE_IDENTIFIER = "fr.godefroyinformatique.GDF-appUITests";
				PRODUCT_NAME = "$(TARGET_NAME)";
				SWIFT_EMIT_LOC_STRINGS = NO;
				SWIFT_VERSION = 5.0;
				TARGETED_DEVICE_FAMILY = "1,2";
				TEST_TARGET_NAME = "GDF-app";
			};
			name = Debug;
		};
		F8B79A972CAEC5EF002D88AE /* Release */ = {
			isa = XCBuildConfiguration;
			buildSettings = {
				ALWAYS_EMBED_SWIFT_STANDARD_LIBRARIES = YES;
				CODE_SIGN_STYLE = Automatic;
				CURRENT_PROJECT_VERSION = 1;
				DEVELOPMENT_TEAM = K9559SXCGV;
				GENERATE_INFOPLIST_FILE = YES;
				MARKETING_VERSION = 1.0;
				PRODUCT_BUNDLE_IDENTIFIER = "fr.godefroyinformatique.GDF-appUITests";
				PRODUCT_NAME = "$(TARGET_NAME)";
				SWIFT_EMIT_LOC_STRINGS = NO;
				SWIFT_VERSION = 5.0;
				TARGETED_DEVICE_FAMILY = "1,2";
				TEST_TARGET_NAME = "GDF-app";
			};
			name = Release;
		};
/* End XCBuildConfiguration section */

/* Begin XCConfigurationList section */
		F8B79A662CAEC5E4002D88AE /* Build configuration list for PBXProject "CashMaster" */ = {
			isa = XCConfigurationList;
			buildConfigurations = (
				F8B79A8D2CAEC5EF002D88AE /* Debug */,
				F8B79A8E2CAEC5EF002D88AE /* Release */,
			);
			defaultConfigurationIsVisible = 0;
			defaultConfigurationName = Release;
		};
		F8B79A8F2CAEC5EF002D88AE /* Build configuration list for PBXNativeTarget "CashMaster" */ = {
			isa = XCConfigurationList;
			buildConfigurations = (
				F8B79A902CAEC5EF002D88AE /* Debug */,
				F8B79A912CAEC5EF002D88AE /* Release */,
			);
			defaultConfigurationIsVisible = 0;
			defaultConfigurationName = Release;
		};
		F8B79A922CAEC5EF002D88AE /* Build configuration list for PBXNativeTarget "CashMasterTests" */ = {
			isa = XCConfigurationList;
			buildConfigurations = (
				F8B79A932CAEC5EF002D88AE /* Debug */,
				F8B79A942CAEC5EF002D88AE /* Release */,
			);
			defaultConfigurationIsVisible = 0;
			defaultConfigurationName = Release;
		};
		F8B79A952CAEC5EF002D88AE /* Build configuration list for PBXNativeTarget "CashMasterUITests" */ = {
			isa = XCConfigurationList;
			buildConfigurations = (
				F8B79A962CAEC5EF002D88AE /* Debug */,
				F8B79A972CAEC5EF002D88AE /* Release */,
			);
			defaultConfigurationIsVisible = 0;
			defaultConfigurationName = Release;
		};
/* End XCConfigurationList section */
	};
	rootObject = F8B79A632CAEC5E4002D88AE /* Project object */;
}
